
Microsoft Visual Studio Solution File, Format Version 12.00
# Visual Studio Version 17
VisualStudioVersion = 17.5.002.0
MinimumVisualStudioVersion = 10.0.40219.1
Project("{9A19103F-16F7-4668-BE54-9A1E7A4F7556}") = "InnoClinic.Shared.Domain.Abstractions", "Domain.Abstractions\InnoClinic.Shared.Domain.Abstractions.csproj", "{D058F085-D1CD-450F-AEC2-AB2C26E3515A}"
EndProject
Project("{9A19103F-16F7-4668-BE54-9A1E7A4F7556}") = "InnoClinic.Shared.Domain.Models", "Domain.Models\InnoClinic.Shared.Domain.Models.csproj", "{E105AD13-3538-448F-B11C-7D7CEDAD5D06}"
EndProject
Project("{9A19103F-16F7-4668-BE54-9A1E7A4F7556}") = "InnoClinic.Shared.Exceptions", "Exceptions\InnoClinic.Shared.Exceptions.csproj", "{D946E19F-E27C-4856-86E1-AA6B796220B9}"
EndProject
Project("{9A19103F-16F7-4668-BE54-9A1E7A4F7556}") = "InnoClinic.Shared.Misc", "Misc\InnoClinic.Shared.Misc.csproj", "{FB9403C7-FFE5-48F6-82EE-7F71CA5F2CF9}"
EndProject
Project("{9A19103F-16F7-4668-BE54-9A1E7A4F7556}") = "InnoClinic.Shared.TestUtils", "TestUtils\InnoClinic.Shared.TestUtils.csproj", "{F44FE716-080A-447C-BEF0-5E46FCF46E92}"
EndProject
Project("{FAE04EC0-301F-11D3-BF4B-00C04F79EFBC}") = "InnoClinic.Shared.Tests", "Tests\InnoClinic.Shared.Tests.csproj", "{23A61DC1-5FC2-4278-8A45-B69F839FD6E6}"
EndProject
Project("{2150E333-8FDC-42A3-9474-1A3956D46DE8}") = "TestWebApps", "TestWebApps", "{3FC9A66B-7DF8-489B-96FB-8AF1E36AC126}"
EndProject
Project("{FAE04EC0-301F-11D3-BF4B-00C04F79EFBC}") = "InnoClinic.Shared.SimpleWebApp", "TestWebApps\SimpleWebApp\InnoClinic.Shared.SimpleWebApp.csproj", "{56C72231-51F0-4CAF-9845-6EB750284218}"
EndProject
Project("{2150E333-8FDC-42A3-9474-1A3956D46DE8}") = "LayeredApplication", "LayeredApplication", "{902CC053-7DE8-4C18-B93F-636A4468AC26}"
EndProject
Project("{FAE04EC0-301F-11D3-BF4B-00C04F79EFBC}") = "InnoClinic.Shared.LayeredWebApp.WebLayer", "TestWebApps\LayeredWebApp\WebLayer\InnoClinic.Shared.LayeredWebApp.WebLayer.csproj", "{2D9A4DA7-CA97-487A-B0B6-8109EFFB88EE}"
EndProject
Project("{FAE04EC0-301F-11D3-BF4B-00C04F79EFBC}") = "InnoClinic.Shared.LayeredWebApp.PresentationLayer", "TestWebApps\LayeredWebApp\PresentationLayer\InnoClinic.Shared.LayeredWebApp.PresentationLayer.csproj", "{D0C10D9F-C868-40B8-8409-CE3FC008E578}"
EndProject
Project("{FAE04EC0-301F-11D3-BF4B-00C04F79EFBC}") = "InnoClinic.Shared.LayeredWebApp.DomainLayer", "TestWebApps\LayeredWebApp\DomainLayer\InnoClinic.Shared.LayeredWebApp.DomainLayer.csproj", "{B67CAC7F-C978-470C-8B9D-5F6D1D40CF66}"
EndProject
Project("{FAE04EC0-301F-11D3-BF4B-00C04F79EFBC}") = "InnoClinic.Shared.LayeredWebApp.ApplicationLayer", "TestWebApps\LayeredWebApp\ApplicationLayer\InnoClinic.Shared.LayeredWebApp.ApplicationLayer.csproj", "{EA625371-0FA8-46DE-873C-9A67E97473B9}"
EndProject
Project("{FAE04EC0-301F-11D3-BF4B-00C04F79EFBC}") = "InnoClinic.Shared.LayeredWebApp.InfrastructureLayer", "TestWebApps\LayeredWebApp\InfrastructureLayer\InnoClinic.Shared.LayeredWebApp.InfrastructureLayer.csproj", "{2E98E012-91AB-410E-95AE-26FACCFBAB8C}"
EndProject
Project("{FAE04EC0-301F-11D3-BF4B-00C04F79EFBC}") = "InnoClinic.Shared.Messaging.Contracts", "Messaging.Contracts\InnoClinic.Shared.Messaging.Contracts.csproj", "{CEC51188-94D7-4578-BD19-D071A7E9078E}"
EndProject
Global
	GlobalSection(SolutionConfigurationPlatforms) = preSolution
		Debug|Any CPU = Debug|Any CPU
		Release|Any CPU = Release|Any CPU
	EndGlobalSection
	GlobalSection(ProjectConfigurationPlatforms) = postSolution
		{D058F085-D1CD-450F-AEC2-AB2C26E3515A}.Debug|Any CPU.ActiveCfg = Debug|Any CPU
		{D058F085-D1CD-450F-AEC2-AB2C26E3515A}.Debug|Any CPU.Build.0 = Debug|Any CPU
		{D058F085-D1CD-450F-AEC2-AB2C26E3515A}.Release|Any CPU.ActiveCfg = Release|Any CPU
		{D058F085-D1CD-450F-AEC2-AB2C26E3515A}.Release|Any CPU.Build.0 = Release|Any CPU
		{E105AD13-3538-448F-B11C-7D7CEDAD5D06}.Debug|Any CPU.ActiveCfg = Debug|Any CPU
		{E105AD13-3538-448F-B11C-7D7CEDAD5D06}.Debug|Any CPU.Build.0 = Debug|Any CPU
		{E105AD13-3538-448F-B11C-7D7CEDAD5D06}.Release|Any CPU.ActiveCfg = Release|Any CPU
		{E105AD13-3538-448F-B11C-7D7CEDAD5D06}.Release|Any CPU.Build.0 = Release|Any CPU
		{D946E19F-E27C-4856-86E1-AA6B796220B9}.Debug|Any CPU.ActiveCfg = Debug|Any CPU
		{D946E19F-E27C-4856-86E1-AA6B796220B9}.Debug|Any CPU.Build.0 = Debug|Any CPU
		{D946E19F-E27C-4856-86E1-AA6B796220B9}.Release|Any CPU.ActiveCfg = Release|Any CPU
		{D946E19F-E27C-4856-86E1-AA6B796220B9}.Release|Any CPU.Build.0 = Release|Any CPU
		{FB9403C7-FFE5-48F6-82EE-7F71CA5F2CF9}.Debug|Any CPU.ActiveCfg = Debug|Any CPU
		{FB9403C7-FFE5-48F6-82EE-7F71CA5F2CF9}.Debug|Any CPU.Build.0 = Debug|Any CPU
		{FB9403C7-FFE5-48F6-82EE-7F71CA5F2CF9}.Release|Any CPU.ActiveCfg = Release|Any CPU
		{FB9403C7-FFE5-48F6-82EE-7F71CA5F2CF9}.Release|Any CPU.Build.0 = Release|Any CPU
		{F44FE716-080A-447C-BEF0-5E46FCF46E92}.Debug|Any CPU.ActiveCfg = Debug|Any CPU
		{F44FE716-080A-447C-BEF0-5E46FCF46E92}.Debug|Any CPU.Build.0 = Debug|Any CPU
		{F44FE716-080A-447C-BEF0-5E46FCF46E92}.Release|Any CPU.ActiveCfg = Release|Any CPU
		{F44FE716-080A-447C-BEF0-5E46FCF46E92}.Release|Any CPU.Build.0 = Release|Any CPU
		{23A61DC1-5FC2-4278-8A45-B69F839FD6E6}.Debug|Any CPU.ActiveCfg = Debug|Any CPU
		{23A61DC1-5FC2-4278-8A45-B69F839FD6E6}.Debug|Any CPU.Build.0 = Debug|Any CPU
		{23A61DC1-5FC2-4278-8A45-B69F839FD6E6}.Release|Any CPU.ActiveCfg = Release|Any CPU
		{23A61DC1-5FC2-4278-8A45-B69F839FD6E6}.Release|Any CPU.Build.0 = Release|Any CPU
		{56C72231-51F0-4CAF-9845-6EB750284218}.Debug|Any CPU.ActiveCfg = Debug|Any CPU
		{56C72231-51F0-4CAF-9845-6EB750284218}.Debug|Any CPU.Build.0 = Debug|Any CPU
		{56C72231-51F0-4CAF-9845-6EB750284218}.Release|Any CPU.ActiveCfg = Release|Any CPU
		{56C72231-51F0-4CAF-9845-6EB750284218}.Release|Any CPU.Build.0 = Release|Any CPU
		{2D9A4DA7-CA97-487A-B0B6-8109EFFB88EE}.Debug|Any CPU.ActiveCfg = Debug|Any CPU
		{2D9A4DA7-CA97-487A-B0B6-8109EFFB88EE}.Debug|Any CPU.Build.0 = Debug|Any CPU
		{2D9A4DA7-CA97-487A-B0B6-8109EFFB88EE}.Release|Any CPU.ActiveCfg = Release|Any CPU
		{2D9A4DA7-CA97-487A-B0B6-8109EFFB88EE}.Release|Any CPU.Build.0 = Release|Any CPU
		{D0C10D9F-C868-40B8-8409-CE3FC008E578}.Debug|Any CPU.ActiveCfg = Debug|Any CPU
		{D0C10D9F-C868-40B8-8409-CE3FC008E578}.Debug|Any CPU.Build.0 = Debug|Any CPU
		{D0C10D9F-C868-40B8-8409-CE3FC008E578}.Release|Any CPU.ActiveCfg = Release|Any CPU
		{D0C10D9F-C868-40B8-8409-CE3FC008E578}.Release|Any CPU.Build.0 = Release|Any CPU
		{B67CAC7F-C978-470C-8B9D-5F6D1D40CF66}.Debug|Any CPU.ActiveCfg = Debug|Any CPU
		{B67CAC7F-C978-470C-8B9D-5F6D1D40CF66}.Debug|Any CPU.Build.0 = Debug|Any CPU
		{B67CAC7F-C978-470C-8B9D-5F6D1D40CF66}.Release|Any CPU.ActiveCfg = Release|Any CPU
		{B67CAC7F-C978-470C-8B9D-5F6D1D40CF66}.Release|Any CPU.Build.0 = Release|Any CPU
		{EA625371-0FA8-46DE-873C-9A67E97473B9}.Debug|Any CPU.ActiveCfg = Debug|Any CPU
		{EA625371-0FA8-46DE-873C-9A67E97473B9}.Debug|Any CPU.Build.0 = Debug|Any CPU
		{EA625371-0FA8-46DE-873C-9A67E97473B9}.Release|Any CPU.ActiveCfg = Release|Any CPU
		{EA625371-0FA8-46DE-873C-9A67E97473B9}.Release|Any CPU.Build.0 = Release|Any CPU
		{2E98E012-91AB-410E-95AE-26FACCFBAB8C}.Debug|Any CPU.ActiveCfg = Debug|Any CPU
		{2E98E012-91AB-410E-95AE-26FACCFBAB8C}.Debug|Any CPU.Build.0 = Debug|Any CPU
		{2E98E012-91AB-410E-95AE-26FACCFBAB8C}.Release|Any CPU.ActiveCfg = Release|Any CPU
		{2E98E012-91AB-410E-95AE-26FACCFBAB8C}.Release|Any CPU.Build.0 = Release|Any CPU
		{CEC51188-94D7-4578-BD19-D071A7E9078E}.Debug|Any CPU.ActiveCfg = Debug|Any CPU
		{CEC51188-94D7-4578-BD19-D071A7E9078E}.Debug|Any CPU.Build.0 = Debug|Any CPU
		{CEC51188-94D7-4578-BD19-D071A7E9078E}.Release|Any CPU.ActiveCfg = Release|Any CPU
		{CEC51188-94D7-4578-BD19-D071A7E9078E}.Release|Any CPU.Build.0 = Release|Any CPU
	EndGlobalSection
	GlobalSection(SolutionProperties) = preSolution
		HideSolutionNode = FALSE
	EndGlobalSection
	GlobalSection(NestedProjects) = preSolution
		{56C72231-51F0-4CAF-9845-6EB750284218} = {3FC9A66B-7DF8-489B-96FB-8AF1E36AC126}
		{902CC053-7DE8-4C18-B93F-636A4468AC26} = {3FC9A66B-7DF8-489B-96FB-8AF1E36AC126}
		{2D9A4DA7-CA97-487A-B0B6-8109EFFB88EE} = {902CC053-7DE8-4C18-B93F-636A4468AC26}
		{D0C10D9F-C868-40B8-8409-CE3FC008E578} = {902CC053-7DE8-4C18-B93F-636A4468AC26}
		{B67CAC7F-C978-470C-8B9D-5F6D1D40CF66} = {902CC053-7DE8-4C18-B93F-636A4468AC26}
		{EA625371-0FA8-46DE-873C-9A67E97473B9} = {902CC053-7DE8-4C18-B93F-636A4468AC26}
		{2E98E012-91AB-410E-95AE-26FACCFBAB8C} = {902CC053-7DE8-4C18-B93F-636A4468AC26}
	EndGlobalSection
	GlobalSection(ExtensibilityGlobals) = postSolution
		SolutionGuid = {93C24ACB-64FD-4327-B91A-D23993893A00}
	EndGlobalSection
EndGlobal
